
Microsoft Visual Studio Solution File, Format Version 12.00
# Visual Studio Version 16
VisualStudioVersion = 16.0.29905.134
MinimumVisualStudioVersion = 10.0.40219.1
Project("{FAE04EC0-301F-11D3-BF4B-00C04F79EFBC}") = "Laser", "Laser.csproj", "{B86BCEC0-84B2-42AA-85B2-F7ED304B128E}"
EndProject
Global
	GlobalSection(SolutionConfigurationPlatforms) = preSolution
		Debug|Any CPU = Debug|Any CPU
		Release|Any CPU = Release|Any CPU
	EndGlobalSection
	GlobalSection(ProjectConfigurationPlatforms) = postSolution
		{B86BCEC0-84B2-42AA-85B2-F7ED304B128E}.Debug|Any CPU.ActiveCfg = Debug|Any CPU
		{B86BCEC0-84B2-42AA-85B2-F7ED304B128E}.Debug|Any CPU.Build.0 = Debug|Any CPU
		{B86BCEC0-84B2-42AA-85B2-F7ED304B128E}.Release|Any CPU.ActiveCfg = Release|Any CPU
		{B86BCEC0-84B2-42AA-85B2-F7ED304B128E}.Release|Any CPU.Build.0 = Release|Any CPU
	EndGlobalSection
	GlobalSection(SolutionProperties) = preSolution
		HideSolutionNode = FALSE
	EndGlobalSection
	GlobalSection(ExtensibilityGlobals) = postSolution
		SolutionGuid = {D288B206-C834-446F-9168-FD3A0CD01D77}
	EndGlobalSection
EndGlobal
